{
  "name": "rando",
  "version": "1.0.0",
  "lockfileVersion": 1,
  "requires": true,
  "dependencies": {
    "logrocket": {
      "version": "0.6.16",
      "resolved": "https://registry.npmjs.org/logrocket/-/logrocket-0.6.16.tgz",
      "integrity": "sha512-ay64WFq2UAVSmGsIHiWh0d6sF7kpw//kt8TRgeK72jDTzoOJ5tY1XI+fnopwzTCE+wh6gJTQ4oJXi8R0spoWpQ=="
    }
  }
}
